// !$*UTF8*$!
{
	archiveVersion = 1;
	classes = {
	};
	objectVersion = 77;
	objects = {

/* Begin PBXBuildFile section */
		0C4E4CA3EB887685ECC0DF87 /* MainTabView.swift in Sources */ = {isa = PBXBuildFile; fileRef = A51A759A26BCC3A95386904F /* MainTabView.swift */; };
		0E7B7923038A195A932F126A /* CalculatorView.swift in Sources */ = {isa = PBXBuildFile; fileRef = 73C1794D3D0FEDF919788632 /* CalculatorView.swift */; };
		1097B2779E7669C07B591FA8 /* EncyclopediaView.swift in Sources */ = {isa = PBXBuildFile; fileRef = 19CC4F04C86CBFBD22F256B7 /* EncyclopediaView.swift */; };
		28112F5EA20A9D9EB6B77E3F /* HomeView.swift in Sources */ = {isa = PBXBuildFile; fileRef = 429FC9522D228AB6CF3386BC /* HomeView.swift */; };
		3A0DA88AC4B838EFD4C04CA2 /* PeptideDetailView.swift in Sources */ = {isa = PBXBuildFile; fileRef = 41B78FA435539C0B18E0B564 /* PeptideDetailView.swift */; };
		3CC4020DE23A83AB3DFC2CAA /* peptides.csv in Resources */ = {isa = PBXBuildFile; fileRef = 4ADA945858E2E11852D9EF81 /* peptides.csv */; };
		542461D01C29D8EE2ED4D684 /* GlassCard.swift in Sources */ = {isa = PBXBuildFile; fileRef = DB305BD36B0966F647386DC6 /* GlassCard.swift */; };
		5962AF98DC4E47A6C3C950FA /* Peptide.swift in Sources */ = {isa = PBXBuildFile; fileRef = 0A1B4A924341158691B01E78 /* Peptide.swift */; };
		6FE89B0DBD76043F4FB4286B /* Assets.xcassets in Resources */ = {isa = PBXBuildFile; fileRef = C18EF259A8D82A7F17B053C3 /* Assets.xcassets */; };
		75970A762FDAC0B415FB5530 /* TrackerView.swift in Sources */ = {isa = PBXBuildFile; fileRef = AFDF0E22C625FCD9F359C1C5 /* TrackerView.swift */; };
		7B737B5984E3EB3FA7C71228 /* PepmaxApp.swift in Sources */ = {isa = PBXBuildFile; fileRef = B251DA20045A229349CB01E5 /* PepmaxApp.swift */; };
		B284E269B9D9915CFF0C5BB4 /* Theme.swift in Sources */ = {isa = PBXBuildFile; fileRef = 41912C7A265173DDF0302DC2 /* Theme.swift */; };
		C2C96BC0FFB690AC581DFB7F /* SettingsView.swift in Sources */ = {isa = PBXBuildFile; fileRef = ACA9C85C489CBFA2BA235AFD /* SettingsView.swift */; };
		DA6616DFB7764F91BDB897D7 /* InjectionLog.swift in Sources */ = {isa = PBXBuildFile; fileRef = F7F9E8A66AEF4ABA181E4BD7 /* InjectionLog.swift */; };
		E6E870581ED175160AECE104 /* OnboardingView.swift in Sources */ = {isa = PBXBuildFile; fileRef = 915F5BB95526A0354F33E8E2 /* OnboardingView.swift */; };
		EAEBE0958A47790AC6CBAC22 /* PeptideDatabase.swift in Sources */ = {isa = PBXBuildFile; fileRef = A905A21DE4EBD2D5AE2F7276 /* PeptideDatabase.swift */; };
		EC834DB147FF971AB7A8A964 /* AppStore.swift in Sources */ = {isa = PBXBuildFile; fileRef = 66BB87C1FA1E5BF9B35B3811 /* AppStore.swift */; };
		EDA4AB1BCCB3F1357B16EECB /* RemindersView.swift in Sources */ = {isa = PBXBuildFile; fileRef = DEB98418A1CC329AB7B74DE1 /* RemindersView.swift */; };
		FBD95E11933822B1C8091BB0 /* NotificationManager.swift in Sources */ = {isa = PBXBuildFile; fileRef = AE4E5CEA9B44FF7A15B276AB /* NotificationManager.swift */; };
/* End PBXBuildFile section */

/* Begin PBXFileReference section */
		0A1B4A924341158691B01E78 /* Peptide.swift */ = {isa = PBXFileReference; lastKnownFileType = sourcecode.swift; path = Peptide.swift; sourceTree = "<group>"; };
		19CC4F04C86CBFBD22F256B7 /* EncyclopediaView.swift */ = {isa = PBXFileReference; lastKnownFileType = sourcecode.swift; path = EncyclopediaView.swift; sourceTree = "<group>"; };
		1C481D43BEBE67440680C431 /* Pepmax.app */ = {isa = PBXFileReference; includeInIndex = 0; lastKnownFileType = wrapper.application; path = Pepmax.app; sourceTree = BUILT_PRODUCTS_DIR; };
		41912C7A265173DDF0302DC2 /* Theme.swift */ = {isa = PBXFileReference; lastKnownFileType = sourcecode.swift; path = Theme.swift; sourceTree = "<group>"; };
		41B78FA435539C0B18E0B564 /* PeptideDetailView.swift */ = {isa = PBXFileReference; lastKnownFileType = sourcecode.swift; path = PeptideDetailView.swift; sourceTree = "<group>"; };
		429FC9522D228AB6CF3386BC /* HomeView.swift */ = {isa = PBXFileReference; lastKnownFileType = sourcecode.swift; path = HomeView.swift; sourceTree = "<group>"; };
		4ADA945858E2E11852D9EF81 /* peptides.csv */ = {isa = PBXFileReference; path = peptides.csv; sourceTree = "<group>"; };
		66BB87C1FA1E5BF9B35B3811 /* AppStore.swift */ = {isa = PBXFileReference; lastKnownFileType = sourcecode.swift; path = AppStore.swift; sourceTree = "<group>"; };
		73C1794D3D0FEDF919788632 /* CalculatorView.swift */ = {isa = PBXFileReference; lastKnownFileType = sourcecode.swift; path = CalculatorView.swift; sourceTree = "<group>"; };
		915F5BB95526A0354F33E8E2 /* OnboardingView.swift */ = {isa = PBXFileReference; lastKnownFileType = sourcecode.swift; path = OnboardingView.swift; sourceTree = "<group>"; };
		A51A759A26BCC3A95386904F /* MainTabView.swift */ = {isa = PBXFileReference; lastKnownFileType = sourcecode.swift; path = MainTabView.swift; sourceTree = "<group>"; };
		A905A21DE4EBD2D5AE2F7276 /* PeptideDatabase.swift */ = {isa = PBXFileReference; lastKnownFileType = sourcecode.swift; path = PeptideDatabase.swift; sourceTree = "<group>"; };
		ACA9C85C489CBFA2BA235AFD /* SettingsView.swift */ = {isa = PBXFileReference; lastKnownFileType = sourcecode.swift; path = SettingsView.swift; sourceTree = "<group>"; };
		AE4E5CEA9B44FF7A15B276AB /* NotificationManager.swift */ = {isa = PBXFileReference; lastKnownFileType = sourcecode.swift; path = NotificationManager.swift; sourceTree = "<group>"; };
		AFDF0E22C625FCD9F359C1C5 /* TrackerView.swift */ = {isa = PBXFileReference; lastKnownFileType = sourcecode.swift; path = TrackerView.swift; sourceTree = "<group>"; };
		B251DA20045A229349CB01E5 /* PepmaxApp.swift */ = {isa = PBXFileReference; lastKnownFileType = sourcecode.swift; path = PepmaxApp.swift; sourceTree = "<group>"; };
		C18EF259A8D82A7F17B053C3 /* Assets.xcassets */ = {isa = PBXFileReference; lastKnownFileType = folder.assetcatalog; path = Assets.xcassets; sourceTree = "<group>"; };
		DB305BD36B0966F647386DC6 /* GlassCard.swift */ = {isa = PBXFileReference; lastKnownFileType = sourcecode.swift; path = GlassCard.swift; sourceTree = "<group>"; };
		DEB98418A1CC329AB7B74DE1 /* RemindersView.swift */ = {isa = PBXFileReference; lastKnownFileType = sourcecode.swift; path = RemindersView.swift; sourceTree = "<group>"; };
		F7F9E8A66AEF4ABA181E4BD7 /* InjectionLog.swift */ = {isa = PBXFileReference; lastKnownFileType = sourcecode.swift; path = InjectionLog.swift; sourceTree = "<group>"; };
/* End PBXFileReference section */

/* Begin PBXGroup section */
		2404AAA4596921B9A237531D /* Data */ = {
			isa = PBXGroup;
			children = (
				66BB87C1FA1E5BF9B35B3811 /* AppStore.swift */,
				AE4E5CEA9B44FF7A15B276AB /* NotificationManager.swift */,
				A905A21DE4EBD2D5AE2F7276 /* PeptideDatabase.swift */,
				4ADA945858E2E11852D9EF81 /* peptides.csv */,
			);
			path = Data;
			sourceTree = "<group>";
		};
		2BD86A5DC9912D725347C8F2 /* Products */ = {
			isa = PBXGroup;
			children = (
				1C481D43BEBE67440680C431 /* Pepmax.app */,
			);
			name = Products;
			sourceTree = "<group>";
		};
		3EE736385A79832D1D970B8A /* Encyclopedia */ = {
			isa = PBXGroup;
			children = (
				19CC4F04C86CBFBD22F256B7 /* EncyclopediaView.swift */,
				41B78FA435539C0B18E0B564 /* PeptideDetailView.swift */,
			);
			path = Encyclopedia;
			sourceTree = "<group>";
		};
		41ED9E6C3B53F148D5E49193 /* Calculator */ = {
			isa = PBXGroup;
			children = (
				73C1794D3D0FEDF919788632 /* CalculatorView.swift */,
			);
			path = Calculator;
			sourceTree = "<group>";
		};
		521A4AFD5994BA9CBCFEA5E5 /* Tracker */ = {
			isa = PBXGroup;
			children = (
				DEB98418A1CC329AB7B74DE1 /* RemindersView.swift */,
				AFDF0E22C625FCD9F359C1C5 /* TrackerView.swift */,
			);
			path = Tracker;
			sourceTree = "<group>";
		};
		6BB822594D65C163CDCBEA52 = {
			isa = PBXGroup;
			children = (
				948057A7F65B7818AE1EB5BE /* Pepmax */,
				2BD86A5DC9912D725347C8F2 /* Products */,
			);
			sourceTree = "<group>";
		};
		8FF64CBAD1EC2E16F4215D01 /* Settings */ = {
			isa = PBXGroup;
			children = (
				ACA9C85C489CBFA2BA235AFD /* SettingsView.swift */,
			);
			path = Settings;
			sourceTree = "<group>";
		};
		948057A7F65B7818AE1EB5BE /* Pepmax */ = {
			isa = PBXGroup;
			children = (
				AE07D99793FECD1251BE34A5 /* Components */,
				2404AAA4596921B9A237531D /* Data */,
				B7C37B445E0ADEC587C3507A /* Models */,
				F63194EEF56628BC585D8C80 /* Theme */,
				EAAEBF1847F217DA08A08383 /* Views */,
				C18EF259A8D82A7F17B053C3 /* Assets.xcassets */,
				B251DA20045A229349CB01E5 /* PepmaxApp.swift */,
			);
			path = Pepmax;
			sourceTree = "<group>";
		};
		9FE689A4D89CD14DF0B7321A /* Onboarding */ = {
			isa = PBXGroup;
			children = (
				915F5BB95526A0354F33E8E2 /* OnboardingView.swift */,
			);
			path = Onboarding;
			sourceTree = "<group>";
		};
		AE07D99793FECD1251BE34A5 /* Components */ = {
			isa = PBXGroup;
			children = (
				DB305BD36B0966F647386DC6 /* GlassCard.swift */,
			);
			path = Components;
			sourceTree = "<group>";
		};
		B7C37B445E0ADEC587C3507A /* Models */ = {
			isa = PBXGroup;
			children = (
				F7F9E8A66AEF4ABA181E4BD7 /* InjectionLog.swift */,
				0A1B4A924341158691B01E78 /* Peptide.swift */,
			);
			path = Models;
			sourceTree = "<group>";
		};
		E20D1FEFF6676EC406348BD7 /* Home */ = {
			isa = PBXGroup;
			children = (
				429FC9522D228AB6CF3386BC /* HomeView.swift */,
			);
			path = Home;
			sourceTree = "<group>";
		};
		EAAEBF1847F217DA08A08383 /* Views */ = {
			isa = PBXGroup;
			children = (
				41ED9E6C3B53F148D5E49193 /* Calculator */,
				3EE736385A79832D1D970B8A /* Encyclopedia */,
				E20D1FEFF6676EC406348BD7 /* Home */,
				9FE689A4D89CD14DF0B7321A /* Onboarding */,
				8FF64CBAD1EC2E16F4215D01 /* Settings */,
				521A4AFD5994BA9CBCFEA5E5 /* Tracker */,
				A51A759A26BCC3A95386904F /* MainTabView.swift */,
			);
			path = Views;
			sourceTree = "<group>";
		};
		F63194EEF56628BC585D8C80 /* Theme */ = {
			isa = PBXGroup;
			children = (
				41912C7A265173DDF0302DC2 /* Theme.swift */,
			);
			path = Theme;
			sourceTree = "<group>";
		};
/* End PBXGroup section */

/* Begin PBXNativeTarget section */
		C1298462C9B166BC6A7B9AA9 /* Pepmax */ = {
			isa = PBXNativeTarget;
			buildConfigurationList = 897460D0FEFBAFEFB870C8C1 /* Build configuration list for PBXNativeTarget "Pepmax" */;
			buildPhases = (
				5A1E428B0201BB449928FA5C /* Sources */,
				C64068756F8EADB140CE2680 /* Resources */,
			);
			buildRules = (
			);
			dependencies = (
			);
			name = Pepmax;
			packageProductDependencies = (
			);
			productName = Pepmax;
			productReference = 1C481D43BEBE67440680C431 /* Pepmax.app */;
			productType = "com.apple.product-type.application";
		};
/* End PBXNativeTarget section */

/* Begin PBXProject section */
		3878D4726F4F33C350CD04E0 /* Project object */ = {
			isa = PBXProject;
			attributes = {
				BuildIndependentTargetsInParallel = YES;
				LastUpgradeCheck = 1500;
				TargetAttributes = {
					C1298462C9B166BC6A7B9AA9 = {
						DevelopmentTeam = "";
						ProvisioningStyle = Automatic;
					};
				};
			};
			buildConfigurationList = 86E4D6791368BA7D58894D33 /* Build configuration list for PBXProject "Pepmax" */;
			developmentRegion = en;
			hasScannedForEncodings = 0;
			knownRegions = (
				Base,
				en,
			);
			mainGroup = 6BB822594D65C163CDCBEA52;
			minimizedProjectReferenceProxies = 1;
			preferredProjectObjectVersion = 77;
			productRefGroup = 2BD86A5DC9912D725347C8F2 /* Products */;
			projectDirPath = "";
			projectRoot = "";
			targets = (
				C1298462C9B166BC6A7B9AA9 /* Pepmax */,
			);
		};
/* End PBXProject section */

/* Begin PBXResourcesBuildPhase section */
		C64068756F8EADB140CE2680 /* Resources */ = {
			isa = PBXResourcesBuildPhase;
			buildActionMask = 2147483647;
			files = (
				6FE89B0DBD76043F4FB4286B /* Assets.xcassets in Resources */,
				3CC4020DE23A83AB3DFC2CAA /* peptides.csv in Resources */,
			);
			runOnlyForDeploymentPostprocessing = 0;
		};
/* End PBXResourcesBuildPhase section */

/* Begin PBXSourcesBuildPhase section */
		5A1E428B0201BB449928FA5C /* Sources */ = {
			isa = PBXSourcesBuildPhase;
			buildActionMask = 2147483647;
			files = (
				EC834DB147FF971AB7A8A964 /* AppStore.swift in Sources */,
				0E7B7923038A195A932F126A /* CalculatorView.swift in Sources */,
				1097B2779E7669C07B591FA8 /* EncyclopediaView.swift in Sources */,
				542461D01C29D8EE2ED4D684 /* GlassCard.swift in Sources */,
				28112F5EA20A9D9EB6B77E3F /* HomeView.swift in Sources */,
				DA6616DFB7764F91BDB897D7 /* InjectionLog.swift in Sources */,
				0C4E4CA3EB887685ECC0DF87 /* MainTabView.swift in Sources */,
				FBD95E11933822B1C8091BB0 /* NotificationManager.swift in Sources */,
				E6E870581ED175160AECE104 /* OnboardingView.swift in Sources */,
				7B737B5984E3EB3FA7C71228 /* PepmaxApp.swift in Sources */,
				5962AF98DC4E47A6C3C950FA /* Peptide.swift in Sources */,
				EAEBE0958A47790AC6CBAC22 /* PeptideDatabase.swift in Sources */,
				3A0DA88AC4B838EFD4C04CA2 /* PeptideDetailView.swift in Sources */,
				EDA4AB1BCCB3F1357B16EECB /* RemindersView.swift in Sources */,
				C2C96BC0FFB690AC581DFB7F /* SettingsView.swift in Sources */,
				B284E269B9D9915CFF0C5BB4 /* Theme.swift in Sources */,
				75970A762FDAC0B415FB5530 /* TrackerView.swift in Sources */,
			);
			runOnlyForDeploymentPostprocessing = 0;
		};
/* End PBXSourcesBuildPhase section */

/* Begin XCBuildConfiguration section */
		1168475693E806719470AE79 /* Release */ = {
			isa = XCBuildConfiguration;
			buildSettings = {
				ALWAYS_SEARCH_USER_PATHS = NO;
				CLANG_ANALYZER_NONNULL = YES;
				CLANG_ANALYZER_NUMBER_OBJECT_CONVERSION = YES_AGGRESSIVE;
				CLANG_CXX_LANGUAGE_STANDARD = "gnu++14";
				CLANG_CXX_LIBRARY = "libc++";
				CLANG_ENABLE_MODULES = YES;
				CLANG_ENABLE_OBJC_ARC = YES;
				CLANG_ENABLE_OBJC_WEAK = YES;
				CLANG_WARN_BLOCK_CAPTURE_AUTORELEASING = YES;
				CLANG_WARN_BOOL_CONVERSION = YES;
				CLANG_WARN_COMMA = YES;
				CLANG_WARN_CONSTANT_CONVERSION = YES;
				CLANG_WARN_DEPRECATED_OBJC_IMPLEMENTATIONS = YES;
				CLANG_WARN_DIRECT_OBJC_ISA_USAGE = YES_ERROR;
				CLANG_WARN_DOCUMENTATION_COMMENTS = YES;
				CLANG_WARN_EMPTY_BODY = YES;
				CLANG_WARN_ENUM_CONVERSION = YES;
				CLANG_WARN_INFINITE_RECURSION = YES;
				CLANG_WARN_INT_CONVERSION = YES;
				CLANG_WARN_NON_LITERAL_NULL_CONVERSION = YES;
				CLANG_WARN_OBJC_IMPLICIT_RETAIN_SELF = YES;
				CLANG_WARN_OBJC_LITERAL_CONVERSION = YES;
				CLANG_WARN_OBJC_ROOT_CLASS = YES_ERROR;
				CLANG_WARN_QUOTED_INCLUDE_IN_FRAMEWORK_HEADER = YES;
				CLANG_WARN_RANGE_LOOP_ANALYSIS = YES;
				CLANG_WARN_STRICT_PROTOTYPES = YES;
				CLANG_WARN_SUSPICIOUS_MOVE = YES;
				CLANG_WARN_UNGUARDED_AVAILABILITY = YES_AGGRESSIVE;
				CLANG_WARN_UNREACHABLE_CODE = YES;
				CLANG_WARN__DUPLICATE_METHOD_MATCH = YES;
				COPY_PHASE_STRIP = NO;
				CURRENT_PROJECT_VERSION = 1;
				DEBUG_INFORMATION_FORMAT = "dwarf-with-dsym";
				ENABLE_NS_ASSERTIONS = NO;
				ENABLE_STRICT_OBJC_MSGSEND = YES;
				GCC_C_LANGUAGE_STANDARD = gnu11;
				GCC_NO_COMMON_BLOCKS = YES;
				GCC_WARN_64_TO_32_BIT_CONVERSION = YES;
				GCC_WARN_ABOUT_RETURN_TYPE = YES_ERROR;
				GCC_WARN_UNDECLARED_SELECTOR = YES;
				GCC_WARN_UNINITIALIZED_AUTOS = YES_AGGRESSIVE;
				GCC_WARN_UNUSED_FUNCTION = YES;
				GCC_WARN_UNUSED_VARIABLE = YES;
				GENERATE_INFOPLIST_FILE = YES;
				IPHONEOS_DEPLOYMENT_TARGET = 16.0;
				MARKETING_VERSION = 1.0.0;
				MTL_ENABLE_DEBUG_INFO = NO;
				MTL_FAST_MATH = YES;
				PRODUCT_NAME = "$(TARGET_NAME)";
				SDKROOT = iphoneos;
				SWIFT_COMPILATION_MODE = wholemodule;
				SWIFT_OPTIMIZATION_LEVEL = "-O";
				SWIFT_VERSION = 5.9;
			};
			name = Release;
		};
		81DFFB9A82784165D442CA72 /* Debug */ = {
			isa = XCBuildConfiguration;
			buildSettings = {
				ALWAYS_SEARCH_USER_PATHS = NO;
				CLANG_ANALYZER_NONNULL = YES;
				CLANG_ANALYZER_NUMBER_OBJECT_CONVERSION = YES_AGGRESSIVE;
				CLANG_CXX_LANGUAGE_STANDARD = "gnu++14";
				CLANG_CXX_LIBRARY = "libc++";
				CLANG_ENABLE_MODULES = YES;
				CLANG_ENABLE_OBJC_ARC = YES;
				CLANG_ENABLE_OBJC_WEAK = YES;
				CLANG_WARN_BLOCK_CAPTURE_AUTORELEASING = YES;
				CLANG_WARN_BOOL_CONVERSION = YES;
				CLANG_WARN_COMMA = YES;
				CLANG_WARN_CONSTANT_CONVERSION = YES;
				CLANG_WARN_DEPRECATED_OBJC_IMPLEMENTATIONS = YES;
				CLANG_WARN_DIRECT_OBJC_ISA_USAGE = YES_ERROR;
				CLANG_WARN_DOCUMENTATION_COMMENTS = YES;
				CLANG_WARN_EMPTY_BODY = YES;
				CLANG_WARN_ENUM_CONVERSION = YES;
				CLANG_WARN_INFINITE_RECURSION = YES;
				CLANG_WARN_INT_CONVERSION = YES;
				CLANG_WARN_NON_LITERAL_NULL_CONVERSION = YES;
				CLANG_WARN_OBJC_IMPLICIT_RETAIN_SELF = YES;
				CLANG_WARN_OBJC_LITERAL_CONVERSION = YES;
				CLANG_WARN_OBJC_ROOT_CLASS = YES_ERROR;
				CLANG_WARN_QUOTED_INCLUDE_IN_FRAMEWORK_HEADER = YES;
				CLANG_WARN_RANGE_LOOP_ANALYSIS = YES;
				CLANG_WARN_STRICT_PROTOTYPES = YES;
				CLANG_WARN_SUSPICIOUS_MOVE = YES;
				CLANG_WARN_UNGUARDED_AVAILABILITY = YES_AGGRESSIVE;
				CLANG_WARN_UNREACHABLE_CODE = YES;
				CLANG_WARN__DUPLICATE_METHOD_MATCH = YES;
				COPY_PHASE_STRIP = NO;
				CURRENT_PROJECT_VERSION = 1;
				DEBUG_INFORMATION_FORMAT = dwarf;
				ENABLE_STRICT_OBJC_MSGSEND = YES;
				ENABLE_TESTABILITY = YES;
				GCC_C_LANGUAGE_STANDARD = gnu11;
				GCC_DYNAMIC_NO_PIC = NO;
				GCC_NO_COMMON_BLOCKS = YES;
				GCC_OPTIMIZATION_LEVEL = 0;
				GCC_PREPROCESSOR_DEFINITIONS = (
					"$(inherited)",
					"DEBUG=1",
				);
				GCC_WARN_64_TO_32_BIT_CONVERSION = YES;
				GCC_WARN_ABOUT_RETURN_TYPE = YES_ERROR;
				GCC_WARN_UNDECLARED_SELECTOR = YES;
				GCC_WARN_UNINITIALIZED_AUTOS = YES_AGGRESSIVE;
				GCC_WARN_UNUSED_FUNCTION = YES;
				GCC_WARN_UNUSED_VARIABLE = YES;
				GENERATE_INFOPLIST_FILE = YES;
				IPHONEOS_DEPLOYMENT_TARGET = 16.0;
				MARKETING_VERSION = 1.0.0;
				MTL_ENABLE_DEBUG_INFO = INCLUDE_SOURCE;
				MTL_FAST_MATH = YES;
				ONLY_ACTIVE_ARCH = YES;
				PRODUCT_NAME = "$(TARGET_NAME)";
				SDKROOT = iphoneos;
				SWIFT_ACTIVE_COMPILATION_CONDITIONS = DEBUG;
				SWIFT_OPTIMIZATION_LEVEL = "-Onone";
				SWIFT_VERSION = 5.9;
			};
			name = Debug;
		};
		8E0B6E6F857F32777CB48953 /* Release */ = {
			isa = XCBuildConfiguration;
			buildSettings = {
				ASSETCATALOG_COMPILER_APPICON_NAME = AppIcon;
				ASSETCATALOG_COMPILER_GLOBAL_ACCENT_COLOR_NAME = AccentColor;
				CODE_SIGN_IDENTITY = "iPhone Developer";
				CODE_SIGN_STYLE = Automatic;
				DEVELOPMENT_TEAM = "";
				INFOPLIST_KEY_UIApplicationSceneManifest_Generation = YES;
				INFOPLIST_KEY_UIApplicationSupportsIndirectInputEvents = YES;
				INFOPLIST_KEY_UILaunchScreen_Generation = YES;
				INFOPLIST_KEY_UISupportedInterfaceOrientations_iPad = "UIInterfaceOrientationPortrait UIInterfaceOrientationPortraitUpsideDown UIInterfaceOrientationLandscapeLeft UIInterfaceOrientationLandscapeRight";
				INFOPLIST_KEY_UISupportedInterfaceOrientations_iPhone = UIInterfaceOrientationPortrait;
				LD_RUNPATH_SEARCH_PATHS = (
					"$(inherited)",
					"@executable_path/Frameworks",
				);
				PRODUCT_BUNDLE_IDENTIFIER = com.pepmax.app;
				PRODUCT_NAME = Pepmax;
				SDKROOT = iphoneos;
				SWIFT_EMIT_LOC_STRINGS = YES;
				TARGETED_DEVICE_FAMILY = "1,2";
			};
			name = Release;
		};
		D5C2CC422651334D38571321 /* Debug */ = {
			isa = XCBuildConfiguration;
			buildSettings = {
				ASSETCATALOG_COMPILER_APPICON_NAME = AppIcon;
				ASSETCATALOG_COMPILER_GLOBAL_ACCENT_COLOR_NAME = AccentColor;
				CODE_SIGN_IDENTITY = "iPhone Developer";
				CODE_SIGN_STYLE = Automatic;
				DEVELOPMENT_TEAM = "";
				INFOPLIST_KEY_UIApplicationSceneManifest_Generation = YES;
				INFOPLIST_KEY_UIApplicationSupportsIndirectInputEvents = YES;
				INFOPLIST_KEY_UILaunchScreen_Generation = YES;
				INFOPLIST_KEY_UISupportedInterfaceOrientations_iPad = "UIInterfaceOrientationPortrait UIInterfaceOrientationPortraitUpsideDown UIInterfaceOrientationLandscapeLeft UIInterfaceOrientationLandscapeRight";
				INFOPLIST_KEY_UISupportedInterfaceOrientations_iPhone = UIInterfaceOrientationPortrait;
				LD_RUNPATH_SEARCH_PATHS = (
					"$(inherited)",
					"@executable_path/Frameworks",
				);
				PRODUCT_BUNDLE_IDENTIFIER = com.pepmax.app;
				PRODUCT_NAME = Pepmax;
				SDKROOT = iphoneos;
				SWIFT_EMIT_LOC_STRINGS = YES;
				TARGETED_DEVICE_FAMILY = "1,2";
			};
			name = Debug;
		};
/* End XCBuildConfiguration section */

/* Begin XCConfigurationList section */
		86E4D6791368BA7D58894D33 /* Build configuration list for PBXProject "Pepmax" */ = {
			isa = XCConfigurationList;
			buildConfigurations = (
				81DFFB9A82784165D442CA72 /* Debug */,
				1168475693E806719470AE79 /* Release */,
			);
			defaultConfigurationIsVisible = 0;
			defaultConfigurationName = Debug;
		};
		897460D0FEFBAFEFB870C8C1 /* Build configuration list for PBXNativeTarget "Pepmax" */ = {
			isa = XCConfigurationList;
			buildConfigurations = (
				D5C2CC422651334D38571321 /* Debug */,
				8E0B6E6F857F32777CB48953 /* Release */,
			);
			defaultConfigurationIsVisible = 0;
			defaultConfigurationName = Debug;
		};
/* End XCConfigurationList section */
	};
	rootObject = 3878D4726F4F33C350CD04E0 /* Project object */;
}
